// !$*UTF8*$!
{
	archiveVersion = 1;
	classes = {
	};
	objectVersion = 56;
	objects = {

/* Begin PBXBuildFile section */
		061A3C622ABA295F00B47D00 /* AppDelegate.swift in Sources */ = {isa = PBXBuildFile; fileRef = 061A3C612ABA295F00B47D00 /* AppDelegate.swift */; };
		061A3C642ABA295F00B47D00 /* SceneDelegate.swift in Sources */ = {isa = PBXBuildFile; fileRef = 061A3C632ABA295F00B47D00 /* SceneDelegate.swift */; };
		061A3C662ABA295F00B47D00 /* ViewController.swift in Sources */ = {isa = PBXBuildFile; fileRef = 061A3C652ABA295F00B47D00 /* ViewController.swift */; };
		061A3C692ABA295F00B47D00 /* Main.storyboard in Resources */ = {isa = PBXBuildFile; fileRef = 061A3C672ABA295F00B47D00 /* Main.storyboard */; };
		061A3C6B2ABA296400B47D00 /* Assets.xcassets in Resources */ = {isa = PBXBuildFile; fileRef = 061A3C6A2ABA296400B47D00 /* Assets.xcassets */; };
		061A3C6E2ABA296400B47D00 /* LaunchScreen.storyboard in Resources */ = {isa = PBXBuildFile; fileRef = 061A3C6C2ABA296400B47D00 /* LaunchScreen.storyboard */; };
		061A3C792ABA296500B47D00 /* AppTests.swift in Sources */ = {isa = PBXBuildFile; fileRef = 061A3C782ABA296500B47D00 /* AppTests.swift */; };
		061A3C832ABA296500B47D00 /* AppUITests.swift in Sources */ = {isa = PBXBuildFile; fileRef = 061A3C822ABA296500B47D00 /* AppUITests.swift */; };
		061A3C852ABA296500B47D00 /* AppUITestsLaunchTests.swift in Sources */ = {isa = PBXBuildFile; fileRef = 061A3C842ABA296500B47D00 /* AppUITestsLaunchTests.swift */; };
		061A3C932ABA423300B47D00 /* NetworkService in Frameworks */ = {isa = PBXBuildFile; productRef = 061A3C922ABA423300B47D00 /* NetworkService */; };
		06D762B12ABCD5BD00B66224 /* Shared.framework in Frameworks */ = {isa = PBXBuildFile; fileRef = 06D762B02ABCD5BD00B66224 /* Shared.framework */; };
/* End PBXBuildFile section */

/* Begin PBXContainerItemProxy section */
		061A3C752ABA296500B47D00 /* PBXContainerItemProxy */ = {
			isa = PBXContainerItemProxy;
			containerPortal = 061A3C562ABA295E00B47D00 /* Project object */;
			proxyType = 1;
			remoteGlobalIDString = 061A3C5D2ABA295F00B47D00;
			remoteInfo = App;
		};
		061A3C7F2ABA296500B47D00 /* PBXContainerItemProxy */ = {
			isa = PBXContainerItemProxy;
			containerPortal = 061A3C562ABA295E00B47D00 /* Project object */;
			proxyType = 1;
			remoteGlobalIDString = 061A3C5D2ABA295F00B47D00;
			remoteInfo = App;
		};
/* End PBXContainerItemProxy section */

/* Begin PBXFileReference section */
		061A3C5E2ABA295F00B47D00 /* App.app */ = {isa = PBXFileReference; explicitFileType = wrapper.application; includeInIndex = 0; path = App.app; sourceTree = BUILT_PRODUCTS_DIR; };
		061A3C612ABA295F00B47D00 /* AppDelegate.swift */ = {isa = PBXFileReference; lastKnownFileType = sourcecode.swift; path = AppDelegate.swift; sourceTree = "<group>"; };
		061A3C632ABA295F00B47D00 /* SceneDelegate.swift */ = {isa = PBXFileReference; lastKnownFileType = sourcecode.swift; path = SceneDelegate.swift; sourceTree = "<group>"; };
		061A3C652ABA295F00B47D00 /* ViewController.swift */ = {isa = PBXFileReference; lastKnownFileType = sourcecode.swift; path = ViewController.swift; sourceTree = "<group>"; };
		061A3C682ABA295F00B47D00 /* Base */ = {isa = PBXFileReference; lastKnownFileType = file.storyboard; name = Base; path = Base.lproj/Main.storyboard; sourceTree = "<group>"; };
		061A3C6A2ABA296400B47D00 /* Assets.xcassets */ = {isa = PBXFileReference; lastKnownFileType = folder.assetcatalog; path = Assets.xcassets; sourceTree = "<group>"; };
		061A3C6D2ABA296400B47D00 /* Base */ = {isa = PBXFileReference; lastKnownFileType = file.storyboard; name = Base; path = Base.lproj/LaunchScreen.storyboard; sourceTree = "<group>"; };
		061A3C6F2ABA296400B47D00 /* Info.plist */ = {isa = PBXFileReference; lastKnownFileType = text.plist.xml; path = Info.plist; sourceTree = "<group>"; };
		061A3C742ABA296500B47D00 /* AppTests.xctest */ = {isa = PBXFileReference; explicitFileType = wrapper.cfbundle; includeInIndex = 0; path = AppTests.xctest; sourceTree = BUILT_PRODUCTS_DIR; };
		061A3C782ABA296500B47D00 /* AppTests.swift */ = {isa = PBXFileReference; lastKnownFileType = sourcecode.swift; path = AppTests.swift; sourceTree = "<group>"; };
		061A3C7E2ABA296500B47D00 /* AppUITests.xctest */ = {isa = PBXFileReference; explicitFileType = wrapper.cfbundle; includeInIndex = 0; path = AppUITests.xctest; sourceTree = BUILT_PRODUCTS_DIR; };
		061A3C822ABA296500B47D00 /* AppUITests.swift */ = {isa = PBXFileReference; lastKnownFileType = sourcecode.swift; path = AppUITests.swift; sourceTree = "<group>"; };
		061A3C842ABA296500B47D00 /* AppUITestsLaunchTests.swift */ = {isa = PBXFileReference; lastKnownFileType = sourcecode.swift; path = AppUITestsLaunchTests.swift; sourceTree = "<group>"; };
		06D762B02ABCD5BD00B66224 /* Shared.framework */ = {isa = PBXFileReference; explicitFileType = wrapper.framework; path = Shared.framework; sourceTree = BUILT_PRODUCTS_DIR; };
/* End PBXFileReference section */

/* Begin PBXFrameworksBuildPhase section */
		061A3C5B2ABA295F00B47D00 /* Frameworks */ = {
			isa = PBXFrameworksBuildPhase;
			buildActionMask = 2147483647;
			files = (
				06D762B12ABCD5BD00B66224 /* Shared.framework in Frameworks */,
				061A3C932ABA423300B47D00 /* NetworkService in Frameworks */,
			);
			runOnlyForDeploymentPostprocessing = 0;
		};
		061A3C712ABA296500B47D00 /* Frameworks */ = {
			isa = PBXFrameworksBuildPhase;
			buildActionMask = 2147483647;
			files = (
			);
			runOnlyForDeploymentPostprocessing = 0;
		};
		061A3C7B2ABA296500B47D00 /* Frameworks */ = {
			isa = PBXFrameworksBuildPhase;
			buildActionMask = 2147483647;
			files = (
			);
			runOnlyForDeploymentPostprocessing = 0;
		};
/* End PBXFrameworksBuildPhase section */

/* Begin PBXGroup section */
		061A3C552ABA295E00B47D00 = {
			isa = PBXGroup;
			children = (
				061A3C602ABA295F00B47D00 /* App */,
				061A3C772ABA296500B47D00 /* AppTests */,
				061A3C812ABA296500B47D00 /* AppUITests */,
				061A3C5F2ABA295F00B47D00 /* Products */,
				06D762AF2ABCD5BD00B66224 /* Frameworks */,
			);
			sourceTree = "<group>";
		};
		061A3C5F2ABA295F00B47D00 /* Products */ = {
			isa = PBXGroup;
			children = (
				061A3C5E2ABA295F00B47D00 /* App.app */,
				061A3C742ABA296500B47D00 /* AppTests.xctest */,
				061A3C7E2ABA296500B47D00 /* AppUITests.xctest */,
			);
			name = Products;
			sourceTree = "<group>";
		};
		061A3C602ABA295F00B47D00 /* App */ = {
			isa = PBXGroup;
			children = (
				061A3C612ABA295F00B47D00 /* AppDelegate.swift */,
				061A3C632ABA295F00B47D00 /* SceneDelegate.swift */,
				061A3C652ABA295F00B47D00 /* ViewController.swift */,
				061A3C672ABA295F00B47D00 /* Main.storyboard */,
				061A3C6A2ABA296400B47D00 /* Assets.xcassets */,
				061A3C6C2ABA296400B47D00 /* LaunchScreen.storyboard */,
				061A3C6F2ABA296400B47D00 /* Info.plist */,
			);
			path = App;
			sourceTree = "<group>";
		};
		061A3C772ABA296500B47D00 /* AppTests */ = {
			isa = PBXGroup;
			children = (
				061A3C782ABA296500B47D00 /* AppTests.swift */,
			);
			path = AppTests;
			sourceTree = "<group>";
		};
		061A3C812ABA296500B47D00 /* AppUITests */ = {
			isa = PBXGroup;
			children = (
				061A3C822ABA296500B47D00 /* AppUITests.swift */,
				061A3C842ABA296500B47D00 /* AppUITestsLaunchTests.swift */,
			);
			path = AppUITests;
			sourceTree = "<group>";
		};
		06D762AF2ABCD5BD00B66224 /* Frameworks */ = {
			isa = PBXGroup;
			children = (
				06D762B02ABCD5BD00B66224 /* Shared.framework */,
			);
			name = Frameworks;
			sourceTree = "<group>";
		};
/* End PBXGroup section */

/* Begin PBXNativeTarget section */
		061A3C5D2ABA295F00B47D00 /* App */ = {
			isa = PBXNativeTarget;
			buildConfigurationList = 061A3C882ABA296500B47D00 /* Build configuration list for PBXNativeTarget "App" */;
			buildPhases = (
				061A3C5A2ABA295F00B47D00 /* Sources */,
				061A3C5B2ABA295F00B47D00 /* Frameworks */,
				061A3C5C2ABA295F00B47D00 /* Resources */,
			);
			buildRules = (
			);
			dependencies = (
			);
			name = App;
			packageProductDependencies = (
				061A3C922ABA423300B47D00 /* NetworkService */,
			);
			productName = App;
			productReference = 061A3C5E2ABA295F00B47D00 /* App.app */;
			productType = "com.apple.product-type.application";
		};
		061A3C732ABA296500B47D00 /* AppTests */ = {
			isa = PBXNativeTarget;
			buildConfigurationList = 061A3C8B2ABA296500B47D00 /* Build configuration list for PBXNativeTarget "AppTests" */;
			buildPhases = (
				061A3C702ABA296500B47D00 /* Sources */,
				061A3C712ABA296500B47D00 /* Frameworks */,
				061A3C722ABA296500B47D00 /* Resources */,
			);
			buildRules = (
			);
			dependencies = (
				061A3C762ABA296500B47D00 /* PBXTargetDependency */,
			);
			name = AppTests;
			productName = AppTests;
			productReference = 061A3C742ABA296500B47D00 /* AppTests.xctest */;
			productType = "com.apple.product-type.bundle.unit-test";
		};
		061A3C7D2ABA296500B47D00 /* AppUITests */ = {
			isa = PBXNativeTarget;
			buildConfigurationList = 061A3C8E2ABA296500B47D00 /* Build configuration list for PBXNativeTarget "AppUITests" */;
			buildPhases = (
				061A3C7A2ABA296500B47D00 /* Sources */,
				061A3C7B2ABA296500B47D00 /* Frameworks */,
				061A3C7C2ABA296500B47D00 /* Resources */,
			);
			buildRules = (
			);
			dependencies = (
				061A3C802ABA296500B47D00 /* PBXTargetDependency */,
			);
			name = AppUITests;
			productName = AppUITests;
			productReference = 061A3C7E2ABA296500B47D00 /* AppUITests.xctest */;
			productType = "com.apple.product-type.bundle.ui-testing";
		};
/* End PBXNativeTarget section */

/* Begin PBXProject section */
		061A3C562ABA295E00B47D00 /* Project object */ = {
			isa = PBXProject;
			attributes = {
				BuildIndependentTargetsInParallel = 1;
				LastSwiftUpdateCheck = 1430;
				LastUpgradeCheck = 1430;
				TargetAttributes = {
					061A3C5D2ABA295F00B47D00 = {
						CreatedOnToolsVersion = 14.3.1;
					};
					061A3C732ABA296500B47D00 = {
						CreatedOnToolsVersion = 14.3.1;
						TestTargetID = 061A3C5D2ABA295F00B47D00;
					};
					061A3C7D2ABA296500B47D00 = {
						CreatedOnToolsVersion = 14.3.1;
						TestTargetID = 061A3C5D2ABA295F00B47D00;
					};
				};
			};
			buildConfigurationList = 061A3C592ABA295E00B47D00 /* Build configuration list for PBXProject "App" */;
			compatibilityVersion = "Xcode 14.0";
			developmentRegion = en;
			hasScannedForEncodings = 0;
			knownRegions = (
				en,
				Base,
			);
			mainGroup = 061A3C552ABA295E00B47D00;
			packageReferences = (
				061A3C912ABA423300B47D00 /* XCRemoteSwiftPackageReference "NetworkServiceModule" */,
			);
			productRefGroup = 061A3C5F2ABA295F00B47D00 /* Products */;
			projectDirPath = "";
			projectRoot = "";
			targets = (
				061A3C5D2ABA295F00B47D00 /* App */,
				061A3C732ABA296500B47D00 /* AppTests */,
				061A3C7D2ABA296500B47D00 /* AppUITests */,
			);
		};
/* End PBXProject section */

/* Begin PBXResourcesBuildPhase section */
		061A3C5C2ABA295F00B47D00 /* Resources */ = {
			isa = PBXResourcesBuildPhase;
			buildActionMask = 2147483647;
			files = (
				061A3C6E2ABA296400B47D00 /* LaunchScreen.storyboard in Resources */,
				061A3C6B2ABA296400B47D00 /* Assets.xcassets in Resources */,
				061A3C692ABA295F00B47D00 /* Main.storyboard in Resources */,
			);
			runOnlyForDeploymentPostprocessing = 0;
		};
		061A3C722ABA296500B47D00 /* Resources */ = {
			isa = PBXResourcesBuildPhase;
			buildActionMask = 2147483647;
			files = (
			);
			runOnlyForDeploymentPostprocessing = 0;
		};
		061A3C7C2ABA296500B47D00 /* Resources */ = {
			isa = PBXResourcesBuildPhase;
			buildActionMask = 2147483647;
			files = (
			);
			runOnlyForDeploymentPostprocessing = 0;
		};
/* End PBXResourcesBuildPhase section */

/* Begin PBXSourcesBuildPhase section */
		061A3C5A2ABA295F00B47D00 /* Sources */ = {
			isa = PBXSourcesBuildPhase;
			buildActionMask = 2147483647;
			files = (
				061A3C662ABA295F00B47D00 /* ViewController.swift in Sources */,
				061A3C622ABA295F00B47D00 /* AppDelegate.swift in Sources */,
				061A3C642ABA295F00B47D00 /* SceneDelegate.swift in Sources */,
			);
			runOnlyForDeploymentPostprocessing = 0;
		};
		061A3C702ABA296500B47D00 /* Sources */ = {
			isa = PBXSourcesBuildPhase;
			buildActionMask = 2147483647;
			files = (
				061A3C792ABA296500B47D00 /* AppTests.swift in Sources */,
			);
			runOnlyForDeploymentPostprocessing = 0;
		};
		061A3C7A2ABA296500B47D00 /* Sources */ = {
			isa = PBXSourcesBuildPhase;
			buildActionMask = 2147483647;
			files = (
				061A3C852ABA296500B47D00 /* AppUITestsLaunchTests.swift in Sources */,
				061A3C832ABA296500B47D00 /* AppUITests.swift in Sources */,
			);
			runOnlyForDeploymentPostprocessing = 0;
		};
/* End PBXSourcesBuildPhase section */

/* Begin PBXTargetDependency section */
		061A3C762ABA296500B47D00 /* PBXTargetDependency */ = {
			isa = PBXTargetDependency;
			target = 061A3C5D2ABA295F00B47D00 /* App */;
			targetProxy = 061A3C752ABA296500B47D00 /* PBXContainerItemProxy */;
		};
		061A3C802ABA296500B47D00 /* PBXTargetDependency */ = {
			isa = PBXTargetDependency;
			target = 061A3C5D2ABA295F00B47D00 /* App */;
			targetProxy = 061A3C7F2ABA296500B47D00 /* PBXContainerItemProxy */;
		};
/* End PBXTargetDependency section */

/* Begin PBXVariantGroup section */
		061A3C672ABA295F00B47D00 /* Main.storyboard */ = {
			isa = PBXVariantGroup;
			children = (
				061A3C682ABA295F00B47D00 /* Base */,
			);
			name = Main.storyboard;
			sourceTree = "<group>";
		};
		061A3C6C2ABA296400B47D00 /* LaunchScreen.storyboard */ = {
			isa = PBXVariantGroup;
			children = (
				061A3C6D2ABA296400B47D00 /* Base */,
			);
			name = LaunchScreen.storyboard;
			sourceTree = "<group>";
		};
/* End PBXVariantGroup section */

/* Begin XCBuildConfiguration section */
		061A3C862ABA296500B47D00 /* Debug */ = {
			isa = XCBuildConfiguration;
			buildSettings = {
				ALWAYS_SEARCH_USER_PATHS = NO;
				CLANG_ANALYZER_NONNULL = YES;
				CLANG_ANALYZER_NUMBER_OBJECT_CONVERSION = YES_AGGRESSIVE;
				CLANG_CXX_LANGUAGE_STANDARD = "gnu++20";
				CLANG_ENABLE_MODULES = YES;
				CLANG_ENABLE_OBJC_ARC = YES;
				CLANG_ENABLE_OBJC_WEAK = YES;
				CLANG_WARN_BLOCK_CAPTURE_AUTORELEASING = YES;
				CLANG_WARN_BOOL_CONVERSION = YES;
				CLANG_WARN_COMMA = YES;
				CLANG_WARN_CONSTANT_CONVERSION = YES;
				CLANG_WARN_DEPRECATED_OBJC_IMPLEMENTATIONS = YES;
				CLANG_WARN_DIRECT_OBJC_ISA_USAGE = YES_ERROR;
				CLANG_WARN_DOCUMENTATION_COMMENTS = YES;
				CLANG_WARN_EMPTY_BODY = YES;
				CLANG_WARN_ENUM_CONVERSION = YES;
				CLANG_WARN_INFINITE_RECURSION = YES;
				CLANG_WARN_INT_CONVERSION = YES;
				CLANG_WARN_NON_LITERAL_NULL_CONVERSION = YES;
				CLANG_WARN_OBJC_IMPLICIT_RETAIN_SELF = YES;
				CLANG_WARN_OBJC_LITERAL_CONVERSION = YES;
				CLANG_WARN_OBJC_ROOT_CLASS = YES_ERROR;
				CLANG_WARN_QUOTED_INCLUDE_IN_FRAMEWORK_HEADER = YES;
				CLANG_WARN_RANGE_LOOP_ANALYSIS = YES;
				CLANG_WARN_STRICT_PROTOTYPES = YES;
				CLANG_WARN_SUSPICIOUS_MOVE = YES;
				CLANG_WARN_UNGUARDED_AVAILABILITY = YES_AGGRESSIVE;
				CLANG_WARN_UNREACHABLE_CODE = YES;
				CLANG_WARN__DUPLICATE_METHOD_MATCH = YES;
				COPY_PHASE_STRIP = NO;
				DEBUG_INFORMATION_FORMAT = dwarf;
				ENABLE_STRICT_OBJC_MSGSEND = YES;
				ENABLE_TESTABILITY = YES;
				GCC_C_LANGUAGE_STANDARD = gnu11;
				GCC_DYNAMIC_NO_PIC = NO;
				GCC_NO_COMMON_BLOCKS = YES;
				GCC_OPTIMIZATION_LEVEL = 0;
				GCC_PREPROCESSOR_DEFINITIONS = (
					"DEBUG=1",
					"$(inherited)",
				);
				GCC_WARN_64_TO_32_BIT_CONVERSION = YES;
				GCC_WARN_ABOUT_RETURN_TYPE = YES_ERROR;
				GCC_WARN_UNDECLARED_SELECTOR = YES;
				GCC_WARN_UNINITIALIZED_AUTOS = YES_AGGRESSIVE;
				GCC_WARN_UNUSED_FUNCTION = YES;
				GCC_WARN_UNUSED_VARIABLE = YES;
				IPHONEOS_DEPLOYMENT_TARGET = 16.4;
				MTL_ENABLE_DEBUG_INFO = INCLUDE_SOURCE;
				MTL_FAST_MATH = YES;
				ONLY_ACTIVE_ARCH = YES;
				SDKROOT = iphoneos;
				SWIFT_ACTIVE_COMPILATION_CONDITIONS = DEBUG;
				SWIFT_OPTIMIZATION_LEVEL = "-Onone";
			};
			name = Debug;
		};
		061A3C872ABA296500B47D00 /* Release */ = {
			isa = XCBuildConfiguration;
			buildSettings = {
				ALWAYS_SEARCH_USER_PATHS = NO;
				CLANG_ANALYZER_NONNULL = YES;
				CLANG_ANALYZER_NUMBER_OBJECT_CONVERSION = YES_AGGRESSIVE;
				CLANG_CXX_LANGUAGE_STANDARD = "gnu++20";
				CLANG_ENABLE_MODULES = YES;
				CLANG_ENABLE_OBJC_ARC = YES;
				CLANG_ENABLE_OBJC_WEAK = YES;
				CLANG_WARN_BLOCK_CAPTURE_AUTORELEASING = YES;
				CLANG_WARN_BOOL_CONVERSION = YES;
				CLANG_WARN_COMMA = YES;
				CLANG_WARN_CONSTANT_CONVERSION = YES;
				CLANG_WARN_DEPRECATED_OBJC_IMPLEMENTATIONS = YES;
				CLANG_WARN_DIRECT_OBJC_ISA_USAGE = YES_ERROR;
				CLANG_WARN_DOCUMENTATION_COMMENTS = YES;
				CLANG_WARN_EMPTY_BODY = YES;
				CLANG_WARN_ENUM_CONVERSION = YES;
				CLANG_WARN_INFINITE_RECURSION = YES;
				CLANG_WARN_INT_CONVERSION = YES;
				CLANG_WARN_NON_LITERAL_NULL_CONVERSION = YES;
				CLANG_WARN_OBJC_IMPLICIT_RETAIN_SELF = YES;
				CLANG_WARN_OBJC_LITERAL_CONVERSION = YES;
				CLANG_WARN_OBJC_ROOT_CLASS = YES_ERROR;
				CLANG_WARN_QUOTED_INCLUDE_IN_FRAMEWORK_HEADER = YES;
				CLANG_WARN_RANGE_LOOP_ANALYSIS = YES;
				CLANG_WARN_STRICT_PROTOTYPES = YES;
				CLANG_WARN_SUSPICIOUS_MOVE = YES;
				CLANG_WARN_UNGUARDED_AVAILABILITY = YES_AGGRESSIVE;
				CLANG_WARN_UNREACHABLE_CODE = YES;
				CLANG_WARN__DUPLICATE_METHOD_MATCH = YES;
				COPY_PHASE_STRIP = NO;
				DEBUG_INFORMATION_FORMAT = "dwarf-with-dsym";
				ENABLE_NS_ASSERTIONS = NO;
				ENABLE_STRICT_OBJC_MSGSEND = YES;
				GCC_C_LANGUAGE_STANDARD = gnu11;
				GCC_NO_COMMON_BLOCKS = YES;
				GCC_WARN_64_TO_32_BIT_CONVERSION = YES;
				GCC_WARN_ABOUT_RETURN_TYPE = YES_ERROR;
				GCC_WARN_UNDECLARED_SELECTOR = YES;
				GCC_WARN_UNINITIALIZED_AUTOS = YES_AGGRESSIVE;
				GCC_WARN_UNUSED_FUNCTION = YES;
				GCC_WARN_UNUSED_VARIABLE = YES;
				IPHONEOS_DEPLOYMENT_TARGET = 16.4;
				MTL_ENABLE_DEBUG_INFO = NO;
				MTL_FAST_MATH = YES;
				SDKROOT = iphoneos;
				SWIFT_COMPILATION_MODE = wholemodule;
				SWIFT_OPTIMIZATION_LEVEL = "-O";
				VALIDATE_PRODUCT = YES;
			};
			name = Release;
		};
		061A3C892ABA296500B47D00 /* Debug */ = {
			isa = XCBuildConfiguration;
			buildSettings = {
				ASSETCATALOG_COMPILER_APPICON_NAME = AppIcon;
				ASSETCATALOG_COMPILER_GLOBAL_ACCENT_COLOR_NAME = AccentColor;
				CODE_SIGN_STYLE = Automatic;
				CURRENT_PROJECT_VERSION = 1;
				DEVELOPMENT_TEAM = 639SXKQ9WK;
				GENERATE_INFOPLIST_FILE = YES;
				INFOPLIST_FILE = App/Info.plist;
				INFOPLIST_KEY_UIApplicationSupportsIndirectInputEvents = YES;
				INFOPLIST_KEY_UILaunchStoryboardName = LaunchScreen;
				INFOPLIST_KEY_UIMainStoryboardFile = Main;
				INFOPLIST_KEY_UISupportedInterfaceOrientations_iPad = "UIInterfaceOrientationPortrait UIInterfaceOrientationPortraitUpsideDown UIInterfaceOrientationLandscapeLeft UIInterfaceOrientationLandscapeRight";
				INFOPLIST_KEY_UISupportedInterfaceOrientations_iPhone = "UIInterfaceOrientationPortrait UIInterfaceOrientationLandscapeLeft UIInterfaceOrientationLandscapeRight";
				LD_RUNPATH_SEARCH_PATHS = (
					"$(inherited)",
					"@executable_path/Frameworks",
				);
				MARKETING_VERSION = 1.0;
				PRODUCT_BUNDLE_IDENTIFIER = com.talate.App;
				PRODUCT_NAME = "$(TARGET_NAME)";
				SWIFT_EMIT_LOC_STRINGS = YES;
				SWIFT_VERSION = 5.0;
				TARGETED_DEVICE_FAMILY = "1,2";
			};
			name = Debug;
		};
		061A3C8A2ABA296500B47D00 /* Release */ = {
			isa = XCBuildConfiguration;
			buildSettings = {
				ASSETCATALOG_COMPILER_APPICON_NAME = AppIcon;
				ASSETCATALOG_COMPILER_GLOBAL_ACCENT_COLOR_NAME = AccentColor;
				CODE_SIGN_STYLE = Automatic;
				CURRENT_PROJECT_VERSION = 1;
				DEVELOPMENT_TEAM = 639SXKQ9WK;
				GENERATE_INFOPLIST_FILE = YES;
				INFOPLIST_FILE = App/Info.plist;
				INFOPLIST_KEY_UIApplicationSupportsIndirectInputEvents = YES;
				INFOPLIST_KEY_UILaunchStoryboardName = LaunchScreen;
				INFOPLIST_KEY_UIMainStoryboardFile = Main;
				INFOPLIST_KEY_UISupportedInterfaceOrientations_iPad = "UIInterfaceOrientationPortrait UIInterfaceOrientationPortraitUpsideDown UIInterfaceOrientationLandscapeLeft UIInterfaceOrientationLandscapeRight";
				INFOPLIST_KEY_UISupportedInterfaceOrientations_iPhone = "UIInterfaceOrientationPortrait UIInterfaceOrientationLandscapeLeft UIInterfaceOrientationLandscapeRight";
				LD_RUNPATH_SEARCH_PATHS = (
					"$(inherited)",
					"@executable_path/Frameworks",
				);
				MARKETING_VERSION = 1.0;
				PRODUCT_BUNDLE_IDENTIFIER = com.talate.App;
				PRODUCT_NAME = "$(TARGET_NAME)";
				SWIFT_EMIT_LOC_STRINGS = YES;
				SWIFT_VERSION = 5.0;
				TARGETED_DEVICE_FAMILY = "1,2";
			};
			name = Release;
		};
		061A3C8C2ABA296500B47D00 /* Debug */ = {
			isa = XCBuildConfiguration;
			buildSettings = {
				ALWAYS_EMBED_SWIFT_STANDARD_LIBRARIES = YES;
				BUNDLE_LOADER = "$(TEST_HOST)";
				CODE_SIGN_STYLE = Automatic;
				CURRENT_PROJECT_VERSION = 1;
				DEVELOPMENT_TEAM = 639SXKQ9WK;
				GENERATE_INFOPLIST_FILE = YES;
				IPHONEOS_DEPLOYMENT_TARGET = 16.4;
				MARKETING_VERSION = 1.0;
				PRODUCT_BUNDLE_IDENTIFIER = com.talate.AppTests;
				PRODUCT_NAME = "$(TARGET_NAME)";
				SWIFT_EMIT_LOC_STRINGS = NO;
				SWIFT_VERSION = 5.0;
				TARGETED_DEVICE_FAMILY = "1,2";
				TEST_HOST = "$(BUILT_PRODUCTS_DIR)/App.app/$(BUNDLE_EXECUTABLE_FOLDER_PATH)/App";
			};
			name = Debug;
		};
		061A3C8D2ABA296500B47D00 /* Release */ = {
			isa = XCBuildConfiguration;
			buildSettings = {
				ALWAYS_EMBED_SWIFT_STANDARD_LIBRARIES = YES;
				BUNDLE_LOADER = "$(TEST_HOST)";
				CODE_SIGN_STYLE = Automatic;
				CURRENT_PROJECT_VERSION = 1;
				DEVELOPMENT_TEAM = 639SXKQ9WK;
				GENERATE_INFOPLIST_FILE = YES;
				IPHONEOS_DEPLOYMENT_TARGET = 16.4;
				MARKETING_VERSION = 1.0;
				PRODUCT_BUNDLE_IDENTIFIER = com.talate.AppTests;
				PRODUCT_NAME = "$(TARGET_NAME)";
				SWIFT_EMIT_LOC_STRINGS = NO;
				SWIFT_VERSION = 5.0;
				TARGETED_DEVICE_FAMILY = "1,2";
				TEST_HOST = "$(BUILT_PRODUCTS_DIR)/App.app/$(BUNDLE_EXECUTABLE_FOLDER_PATH)/App";
			};
			name = Release;
		};
		061A3C8F2ABA296500B47D00 /* Debug */ = {
			isa = XCBuildConfiguration;
			buildSettings = {
				ALWAYS_EMBED_SWIFT_STANDARD_LIBRARIES = YES;
				CODE_SIGN_STYLE = Automatic;
				CURRENT_PROJECT_VERSION = 1;
				DEVELOPMENT_TEAM = 639SXKQ9WK;
				GENERATE_INFOPLIST_FILE = YES;
				MARKETING_VERSION = 1.0;
				PRODUCT_BUNDLE_IDENTIFIER = com.talate.AppUITests;
				PRODUCT_NAME = "$(TARGET_NAME)";
				SWIFT_EMIT_LOC_STRINGS = NO;
				SWIFT_VERSION = 5.0;
				TARGETED_DEVICE_FAMILY = "1,2";
				TEST_TARGET_NAME = App;
			};
			name = Debug;
		};
		061A3C902ABA296500B47D00 /* Release */ = {
			isa = XCBuildConfiguration;
			buildSettings = {
				ALWAYS_EMBED_SWIFT_STANDARD_LIBRARIES = YES;
				CODE_SIGN_STYLE = Automatic;
				CURRENT_PROJECT_VERSION = 1;
				DEVELOPMENT_TEAM = 639SXKQ9WK;
				GENERATE_INFOPLIST_FILE = YES;
				MARKETING_VERSION = 1.0;
				PRODUCT_BUNDLE_IDENTIFIER = com.talate.AppUITests;
				PRODUCT_NAME = "$(TARGET_NAME)";
				SWIFT_EMIT_LOC_STRINGS = NO;
				SWIFT_VERSION = 5.0;
				TARGETED_DEVICE_FAMILY = "1,2";
				TEST_TARGET_NAME = App;
			};
			name = Release;
		};
/* End XCBuildConfiguration section */

/* Begin XCConfigurationList section */
		061A3C592ABA295E00B47D00 /* Build configuration list for PBXProject "App" */ = {
			isa = XCConfigurationList;
			buildConfigurations = (
				061A3C862ABA296500B47D00 /* Debug */,
				061A3C872ABA296500B47D00 /* Release */,
			);
			defaultConfigurationIsVisible = 0;
			defaultConfigurationName = Release;
		};
		061A3C882ABA296500B47D00 /* Build configuration list for PBXNativeTarget "App" */ = {
			isa = XCConfigurationList;
			buildConfigurations = (
				061A3C892ABA296500B47D00 /* Debug */,
				061A3C8A2ABA296500B47D00 /* Release */,
			);
			defaultConfigurationIsVisible = 0;
			defaultConfigurationName = Release;
		};
		061A3C8B2ABA296500B47D00 /* Build configuration list for PBXNativeTarget "AppTests" */ = {
			isa = XCConfigurationList;
			buildConfigurations = (
				061A3C8C2ABA296500B47D00 /* Debug */,
				061A3C8D2ABA296500B47D00 /* Release */,
			);
			defaultConfigurationIsVisible = 0;
			defaultConfigurationName = Release;
		};
		061A3C8E2ABA296500B47D00 /* Build configuration list for PBXNativeTarget "AppUITests" */ = {
			isa = XCConfigurationList;
			buildConfigurations = (
				061A3C8F2ABA296500B47D00 /* Debug */,
				061A3C902ABA296500B47D00 /* Release */,
			);
			defaultConfigurationIsVisible = 0;
			defaultConfigurationName = Release;
		};
/* End XCConfigurationList section */

/* Begin XCRemoteSwiftPackageReference section */
		061A3C912ABA423300B47D00 /* XCRemoteSwiftPackageReference "NetworkServiceModule" */ = {
			isa = XCRemoteSwiftPackageReference;
			repositoryURL = "https://github.com/erylmztalat/NetworkServiceModule.git";
			requirement = {
				branch = master;
				kind = branch;
			};
		};
/* End XCRemoteSwiftPackageReference section */

/* Begin XCSwiftPackageProductDependency section */
		061A3C922ABA423300B47D00 /* NetworkService */ = {
			isa = XCSwiftPackageProductDependency;
			package = 061A3C912ABA423300B47D00 /* XCRemoteSwiftPackageReference "NetworkServiceModule" */;
			productName = NetworkService;
		};
/* End XCSwiftPackageProductDependency section */
	};
	rootObject = 061A3C562ABA295E00B47D00 /* Project object */;
}
