{
  "pins" : [
    {
      "identity" : "networkservicemodule",
      "kind" : "remoteSourceControl",
      "location" : "https://github.com/erylmztalat/NetworkServiceModule.git",
      "state" : {
        "branch" : "master",
        "revision" : "67b72bff8e265456f8fe44aebc7b3d9d4cad28ce"
      }
    }
  ],
  "version" : 2
}
